
Microsoft Visual Studio Solution File, Format Version 12.00
# Visual Studio Version 16
VisualStudioVersion = 16.0.31911.196
MinimumVisualStudioVersion = 10.0.40219.1
Project("{9A19103F-16F7-4668-BE54-9A1E7A4F7556}") = "CarRegistration", "CarRegistration\CarRegistration.csproj", "{ED207D1C-026C-4C24-8D5B-65CD8A76DF57}"
EndProject
Project("{FAE04EC0-301F-11D3-BF4B-00C04F79EFBC}") = "CarRegistrationLibrary", "..\CarRegistrationLibrary\CarRegistrationLibrary\CarRegistrationLibrary.csproj", "{F5B70230-2992-464A-85A8-A19A3E9DF3A6}"
EndProject
Global
	GlobalSection(SolutionConfigurationPlatforms) = preSolution
		Debug|Any CPU = Debug|Any CPU
		Release|Any CPU = Release|Any CPU
	EndGlobalSection
	GlobalSection(ProjectConfigurationPlatforms) = postSolution
		{ED207D1C-026C-4C24-8D5B-65CD8A76DF57}.Debug|Any CPU.ActiveCfg = Debug|Any CPU
		{ED207D1C-026C-4C24-8D5B-65CD8A76DF57}.Debug|Any CPU.Build.0 = Debug|Any CPU
		{ED207D1C-026C-4C24-8D5B-65CD8A76DF57}.Release|Any CPU.ActiveCfg = Release|Any CPU
		{ED207D1C-026C-4C24-8D5B-65CD8A76DF57}.Release|Any CPU.Build.0 = Release|Any CPU
		{F5B70230-2992-464A-85A8-A19A3E9DF3A6}.Debug|Any CPU.ActiveCfg = Debug|Any CPU
		{F5B70230-2992-464A-85A8-A19A3E9DF3A6}.Debug|Any CPU.Build.0 = Debug|Any CPU
		{F5B70230-2992-464A-85A8-A19A3E9DF3A6}.Release|Any CPU.ActiveCfg = Release|Any CPU
		{F5B70230-2992-464A-85A8-A19A3E9DF3A6}.Release|Any CPU.Build.0 = Release|Any CPU
	EndGlobalSection
	GlobalSection(SolutionProperties) = preSolution
		HideSolutionNode = FALSE
	EndGlobalSection
	GlobalSection(ExtensibilityGlobals) = postSolution
		SolutionGuid = {9F8E0A35-A41C-46E4-96E6-7247BF327D04}
	EndGlobalSection
EndGlobal
